
Microsoft Visual Studio Solution File, Format Version 12.00
# Visual Studio Version 17
VisualStudioVersion = 17.4.33205.214
MinimumVisualStudioVersion = 10.0.40219.1
Project("{2150E333-8FDC-42A3-9474-1A3956D46DE8}") = "Core", "Core", "{9204DB9A-A923-419E-8EE5-03DF56DFE33F}"
EndProject
Project("{2150E333-8FDC-42A3-9474-1A3956D46DE8}") = "PaymentService", "PaymentService", "{C7AB527A-EC56-472F-8FB5-7C10C9F6758E}"
EndProject
Project("{2150E333-8FDC-42A3-9474-1A3956D46DE8}") = "BookingService", "BookingService", "{6EA21E70-71E0-4E5B-8072-9E2A8E889A99}"
EndProject
Project("{2150E333-8FDC-42A3-9474-1A3956D46DE8}") = "Domain", "Domain", "{52373A2A-5713-4F6F-9A0B-8E103E54414D}"
EndProject
Project("{2150E333-8FDC-42A3-9474-1A3956D46DE8}") = "Application", "Application", "{12F8D246-6C71-4CE2-AAEB-4CA6AAC4F440}"
EndProject
Project("{2150E333-8FDC-42A3-9474-1A3956D46DE8}") = "Adapters", "Adapters", "{AA22D988-925C-45D6-94B3-54C98A702E86}"
EndProject
Project("{2150E333-8FDC-42A3-9474-1A3956D46DE8}") = "Consumers", "Consumers", "{ABAFFB03-4B0D-4F74-A341-0DEB1AAA948A}"
EndProject
Project("{2150E333-8FDC-42A3-9474-1A3956D46DE8}") = "Tests", "Tests", "{D95562CB-5468-47E7-AF6A-BA195078588F}"
EndProject
Project("{2150E333-8FDC-42A3-9474-1A3956D46DE8}") = "Domain", "Domain", "{408D51CA-78D1-4F6E-9057-557FA81077AF}"
EndProject
Project("{2150E333-8FDC-42A3-9474-1A3956D46DE8}") = "Application", "Application", "{584ED7FE-5B6D-452C-A86B-246A9916FC24}"
EndProject
Project("{2150E333-8FDC-42A3-9474-1A3956D46DE8}") = "Adapters", "Adapters", "{FDD819ED-5F77-4A14-81CB-16F62C893529}"
EndProject
Project("{9A19103F-16F7-4668-BE54-9A1E7A4F7556}") = "DomainTests", "BookingService\Tests\Domain\DomainTests\DomainTests.csproj", "{D75FA688-0983-4240-8EE0-49D71D652C59}"
EndProject
Project("{9A19103F-16F7-4668-BE54-9A1E7A4F7556}") = "ApplicationTests", "BookingService\Tests\Application\ApplicationTests\ApplicationTests.csproj", "{CC9C206A-E78C-4612-BFA7-7B1EFFD3E850}"
EndProject
Project("{9A19103F-16F7-4668-BE54-9A1E7A4F7556}") = "AdaptersTests", "BookingService\Tests\Adapters\AdaptersTests\AdaptersTests.csproj", "{56E8ADB0-534B-4D17-98EC-0400DAB38E91}"
EndProject
Project("{9A19103F-16F7-4668-BE54-9A1E7A4F7556}") = "API", "BookingService\Consumers\API\API.csproj", "{A6847B1B-813E-4751-B039-B2F68A3098DC}"
EndProject
Project("{9A19103F-16F7-4668-BE54-9A1E7A4F7556}") = "Data", "BookingService\Adapters\Data\Data.csproj", "{8FC5781D-015F-4A0F-B900-C089F88C4EA1}"
EndProject
Project("{9A19103F-16F7-4668-BE54-9A1E7A4F7556}") = "Application", "BookingService\Core\Application\Application.csproj", "{A7A56385-EE27-4AA3-9E9F-87346273A5A6}"
EndProject
Project("{9A19103F-16F7-4668-BE54-9A1E7A4F7556}") = "Domain", "BookingService\Core\Domain\Domain.csproj", "{6B0D75AF-BCE3-47F4-812C-7A8FB8F371E0}"
EndProject
Global
	GlobalSection(SolutionConfigurationPlatforms) = preSolution
		Debug|Any CPU = Debug|Any CPU
		Release|Any CPU = Release|Any CPU
	EndGlobalSection
	GlobalSection(ProjectConfigurationPlatforms) = postSolution
		{D75FA688-0983-4240-8EE0-49D71D652C59}.Debug|Any CPU.ActiveCfg = Debug|Any CPU
		{D75FA688-0983-4240-8EE0-49D71D652C59}.Debug|Any CPU.Build.0 = Debug|Any CPU
		{D75FA688-0983-4240-8EE0-49D71D652C59}.Release|Any CPU.ActiveCfg = Release|Any CPU
		{D75FA688-0983-4240-8EE0-49D71D652C59}.Release|Any CPU.Build.0 = Release|Any CPU
		{CC9C206A-E78C-4612-BFA7-7B1EFFD3E850}.Debug|Any CPU.ActiveCfg = Debug|Any CPU
		{CC9C206A-E78C-4612-BFA7-7B1EFFD3E850}.Debug|Any CPU.Build.0 = Debug|Any CPU
		{CC9C206A-E78C-4612-BFA7-7B1EFFD3E850}.Release|Any CPU.ActiveCfg = Release|Any CPU
		{CC9C206A-E78C-4612-BFA7-7B1EFFD3E850}.Release|Any CPU.Build.0 = Release|Any CPU
		{56E8ADB0-534B-4D17-98EC-0400DAB38E91}.Debug|Any CPU.ActiveCfg = Debug|Any CPU
		{56E8ADB0-534B-4D17-98EC-0400DAB38E91}.Debug|Any CPU.Build.0 = Debug|Any CPU
		{56E8ADB0-534B-4D17-98EC-0400DAB38E91}.Release|Any CPU.ActiveCfg = Release|Any CPU
		{56E8ADB0-534B-4D17-98EC-0400DAB38E91}.Release|Any CPU.Build.0 = Release|Any CPU
		{A6847B1B-813E-4751-B039-B2F68A3098DC}.Debug|Any CPU.ActiveCfg = Debug|Any CPU
		{A6847B1B-813E-4751-B039-B2F68A3098DC}.Debug|Any CPU.Build.0 = Debug|Any CPU
		{A6847B1B-813E-4751-B039-B2F68A3098DC}.Release|Any CPU.ActiveCfg = Release|Any CPU
		{A6847B1B-813E-4751-B039-B2F68A3098DC}.Release|Any CPU.Build.0 = Release|Any CPU
		{8FC5781D-015F-4A0F-B900-C089F88C4EA1}.Debug|Any CPU.ActiveCfg = Debug|Any CPU
		{8FC5781D-015F-4A0F-B900-C089F88C4EA1}.Debug|Any CPU.Build.0 = Debug|Any CPU
		{8FC5781D-015F-4A0F-B900-C089F88C4EA1}.Release|Any CPU.ActiveCfg = Release|Any CPU
		{8FC5781D-015F-4A0F-B900-C089F88C4EA1}.Release|Any CPU.Build.0 = Release|Any CPU
		{A7A56385-EE27-4AA3-9E9F-87346273A5A6}.Debug|Any CPU.ActiveCfg = Debug|Any CPU
		{A7A56385-EE27-4AA3-9E9F-87346273A5A6}.Debug|Any CPU.Build.0 = Debug|Any CPU
		{A7A56385-EE27-4AA3-9E9F-87346273A5A6}.Release|Any CPU.ActiveCfg = Release|Any CPU
		{A7A56385-EE27-4AA3-9E9F-87346273A5A6}.Release|Any CPU.Build.0 = Release|Any CPU
		{6B0D75AF-BCE3-47F4-812C-7A8FB8F371E0}.Debug|Any CPU.ActiveCfg = Debug|Any CPU
		{6B0D75AF-BCE3-47F4-812C-7A8FB8F371E0}.Debug|Any CPU.Build.0 = Debug|Any CPU
		{6B0D75AF-BCE3-47F4-812C-7A8FB8F371E0}.Release|Any CPU.ActiveCfg = Release|Any CPU
		{6B0D75AF-BCE3-47F4-812C-7A8FB8F371E0}.Release|Any CPU.Build.0 = Release|Any CPU
	EndGlobalSection
	GlobalSection(SolutionProperties) = preSolution
		HideSolutionNode = FALSE
	EndGlobalSection
	GlobalSection(NestedProjects) = preSolution
		{9204DB9A-A923-419E-8EE5-03DF56DFE33F} = {6EA21E70-71E0-4E5B-8072-9E2A8E889A99}
		{52373A2A-5713-4F6F-9A0B-8E103E54414D} = {9204DB9A-A923-419E-8EE5-03DF56DFE33F}
		{12F8D246-6C71-4CE2-AAEB-4CA6AAC4F440} = {9204DB9A-A923-419E-8EE5-03DF56DFE33F}
		{AA22D988-925C-45D6-94B3-54C98A702E86} = {6EA21E70-71E0-4E5B-8072-9E2A8E889A99}
		{ABAFFB03-4B0D-4F74-A341-0DEB1AAA948A} = {6EA21E70-71E0-4E5B-8072-9E2A8E889A99}
		{D95562CB-5468-47E7-AF6A-BA195078588F} = {6EA21E70-71E0-4E5B-8072-9E2A8E889A99}
		{408D51CA-78D1-4F6E-9057-557FA81077AF} = {D95562CB-5468-47E7-AF6A-BA195078588F}
		{584ED7FE-5B6D-452C-A86B-246A9916FC24} = {D95562CB-5468-47E7-AF6A-BA195078588F}
		{FDD819ED-5F77-4A14-81CB-16F62C893529} = {D95562CB-5468-47E7-AF6A-BA195078588F}
		{D75FA688-0983-4240-8EE0-49D71D652C59} = {408D51CA-78D1-4F6E-9057-557FA81077AF}
		{CC9C206A-E78C-4612-BFA7-7B1EFFD3E850} = {584ED7FE-5B6D-452C-A86B-246A9916FC24}
		{56E8ADB0-534B-4D17-98EC-0400DAB38E91} = {FDD819ED-5F77-4A14-81CB-16F62C893529}
		{A6847B1B-813E-4751-B039-B2F68A3098DC} = {ABAFFB03-4B0D-4F74-A341-0DEB1AAA948A}
		{8FC5781D-015F-4A0F-B900-C089F88C4EA1} = {AA22D988-925C-45D6-94B3-54C98A702E86}
		{A7A56385-EE27-4AA3-9E9F-87346273A5A6} = {12F8D246-6C71-4CE2-AAEB-4CA6AAC4F440}
		{6B0D75AF-BCE3-47F4-812C-7A8FB8F371E0} = {52373A2A-5713-4F6F-9A0B-8E103E54414D}
	EndGlobalSection
	GlobalSection(ExtensibilityGlobals) = postSolution
		SolutionGuid = {1125015D-E5F9-48BC-94E1-598722B4D689}
	EndGlobalSection
EndGlobal
